
Microsoft Visual Studio Solution File, Format Version 12.00
# Visual Studio Version 16
VisualStudioVersion = 16.0.30611.23
MinimumVisualStudioVersion = 10.0.40219.1
Project("{9A19103F-16F7-4668-BE54-9A1E7A4F7556}") = "MVCCoreWebJobs", "MVCCoreWebJobs\MVCCoreWebJobs.csproj", "{F28B1AA0-AD1A-4ACC-B6FB-100D21065967}"
EndProject
Global
	GlobalSection(SolutionConfigurationPlatforms) = preSolution
		Debug|Any CPU = Debug|Any CPU
		Release|Any CPU = Release|Any CPU
	EndGlobalSection
	GlobalSection(ProjectConfigurationPlatforms) = postSolution
		{F28B1AA0-AD1A-4ACC-B6FB-100D21065967}.Debug|Any CPU.ActiveCfg = Debug|Any CPU
		{F28B1AA0-AD1A-4ACC-B6FB-100D21065967}.Debug|Any CPU.Build.0 = Debug|Any CPU
		{F28B1AA0-AD1A-4ACC-B6FB-100D21065967}.Release|Any CPU.ActiveCfg = Release|Any CPU
		{F28B1AA0-AD1A-4ACC-B6FB-100D21065967}.Release|Any CPU.Build.0 = Release|Any CPU
	EndGlobalSection
	GlobalSection(SolutionProperties) = preSolution
		HideSolutionNode = FALSE
	EndGlobalSection
	GlobalSection(ExtensibilityGlobals) = postSolution
		SolutionGuid = {1EA21236-A424-4B5F-AB55-00811C4150A8}
	EndGlobalSection
EndGlobal
