
Microsoft Visual Studio Solution File, Format Version 12.00
# Visual Studio Version 16
VisualStudioVersion = 16.0.31019.35
MinimumVisualStudioVersion = 10.0.40219.1
Project("{FAE04EC0-301F-11D3-BF4B-00C04F79EFBC}") = "ServiceDoctoresSql", "ServiceDoctoresSql.csproj", "{D5985425-2C43-4CA0-A6C4-44C5115720CF}"
EndProject
Project("{FAE04EC0-301F-11D3-BF4B-00C04F79EFBC}") = "HostWcfServiceDoctores", "..\HostWcfServiceDoctores\HostWcfServiceDoctores.csproj", "{B8690CF9-C370-4231-8912-1C1DA87532EF}"
EndProject
Global
	GlobalSection(SolutionConfigurationPlatforms) = preSolution
		Debug|Any CPU = Debug|Any CPU
		Release|Any CPU = Release|Any CPU
	EndGlobalSection
	GlobalSection(ProjectConfigurationPlatforms) = postSolution
		{D5985425-2C43-4CA0-A6C4-44C5115720CF}.Debug|Any CPU.ActiveCfg = Debug|Any CPU
		{D5985425-2C43-4CA0-A6C4-44C5115720CF}.Debug|Any CPU.Build.0 = Debug|Any CPU
		{D5985425-2C43-4CA0-A6C4-44C5115720CF}.Release|Any CPU.ActiveCfg = Release|Any CPU
		{D5985425-2C43-4CA0-A6C4-44C5115720CF}.Release|Any CPU.Build.0 = Release|Any CPU
		{B8690CF9-C370-4231-8912-1C1DA87532EF}.Debug|Any CPU.ActiveCfg = Debug|Any CPU
		{B8690CF9-C370-4231-8912-1C1DA87532EF}.Debug|Any CPU.Build.0 = Debug|Any CPU
		{B8690CF9-C370-4231-8912-1C1DA87532EF}.Release|Any CPU.ActiveCfg = Release|Any CPU
		{B8690CF9-C370-4231-8912-1C1DA87532EF}.Release|Any CPU.Build.0 = Release|Any CPU
	EndGlobalSection
	GlobalSection(SolutionProperties) = preSolution
		HideSolutionNode = FALSE
	EndGlobalSection
	GlobalSection(ExtensibilityGlobals) = postSolution
		SolutionGuid = {EFB7E2AB-95B5-476F-A31C-E61FA65F4939}
	EndGlobalSection
EndGlobal
