
Microsoft Visual Studio Solution File, Format Version 12.00
# Visual Studio Version 16
VisualStudioVersion = 16.0.29411.108
MinimumVisualStudioVersion = 10.0.40219.1
Project("{FAE04EC0-301F-11D3-BF4B-00C04F79EFBC}") = "MDFS-2", "MDFS-2.csproj", "{72CE0596-1A4D-4EB2-83E5-4EB32B59259C}"
EndProject
Global
	GlobalSection(SolutionConfigurationPlatforms) = preSolution
		Debug|Any CPU = Debug|Any CPU
		Release|Any CPU = Release|Any CPU
	EndGlobalSection
	GlobalSection(ProjectConfigurationPlatforms) = postSolution
		{72CE0596-1A4D-4EB2-83E5-4EB32B59259C}.Debug|Any CPU.ActiveCfg = Debug|Any CPU
		{72CE0596-1A4D-4EB2-83E5-4EB32B59259C}.Debug|Any CPU.Build.0 = Debug|Any CPU
		{72CE0596-1A4D-4EB2-83E5-4EB32B59259C}.Release|Any CPU.ActiveCfg = Release|Any CPU
		{72CE0596-1A4D-4EB2-83E5-4EB32B59259C}.Release|Any CPU.Build.0 = Release|Any CPU
	EndGlobalSection
	GlobalSection(SolutionProperties) = preSolution
		HideSolutionNode = FALSE
	EndGlobalSection
	GlobalSection(ExtensibilityGlobals) = postSolution
		SolutionGuid = {785CFB4B-2929-4749-9F06-7C5B001A258D}
	EndGlobalSection
EndGlobal
