
Microsoft Visual Studio Solution File, Format Version 12.00
# Visual Studio Version 16
VisualStudioVersion = 16.0.30907.101
MinimumVisualStudioVersion = 10.0.40219.1
Project("{FAE04EC0-301F-11D3-BF4B-00C04F79EFBC}") = "PruebaCacheRedis", "PruebaCacheRedis.csproj", "{44B96702-CA45-4968-977F-DA1E279CD5EE}"
EndProject
Global
	GlobalSection(SolutionConfigurationPlatforms) = preSolution
		Debug|Any CPU = Debug|Any CPU
		Release|Any CPU = Release|Any CPU
	EndGlobalSection
	GlobalSection(ProjectConfigurationPlatforms) = postSolution
		{44B96702-CA45-4968-977F-DA1E279CD5EE}.Debug|Any CPU.ActiveCfg = Debug|Any CPU
		{44B96702-CA45-4968-977F-DA1E279CD5EE}.Debug|Any CPU.Build.0 = Debug|Any CPU
		{44B96702-CA45-4968-977F-DA1E279CD5EE}.Release|Any CPU.ActiveCfg = Release|Any CPU
		{44B96702-CA45-4968-977F-DA1E279CD5EE}.Release|Any CPU.Build.0 = Release|Any CPU
	EndGlobalSection
	GlobalSection(SolutionProperties) = preSolution
		HideSolutionNode = FALSE
	EndGlobalSection
	GlobalSection(ExtensibilityGlobals) = postSolution
		SolutionGuid = {ACA1077F-9DE8-4B34-8539-87E9F11763B8}
	EndGlobalSection
EndGlobal
