
Microsoft Visual Studio Solution File, Format Version 12.00
# Visual Studio Version 16
VisualStudioVersion = 16.0.31019.35
MinimumVisualStudioVersion = 10.0.40219.1
Project("{FAE04EC0-301F-11D3-BF4B-00C04F79EFBC}") = "ServiceDepartamentosSql", "ServiceDepartamentosSql.csproj", "{96E866F8-B057-4A32-A3E3-EAB7319401FD}"
EndProject
Project("{FAE04EC0-301F-11D3-BF4B-00C04F79EFBC}") = "HostWcfServiceDepartamentos", "..\HostWcfServiceDepartamentos\HostWcfServiceDepartamentos.csproj", "{039BE482-817E-4AEF-8640-A0554C6CC2AF}"
EndProject
Global
	GlobalSection(SolutionConfigurationPlatforms) = preSolution
		Debug|Any CPU = Debug|Any CPU
		Release|Any CPU = Release|Any CPU
	EndGlobalSection
	GlobalSection(ProjectConfigurationPlatforms) = postSolution
		{96E866F8-B057-4A32-A3E3-EAB7319401FD}.Debug|Any CPU.ActiveCfg = Debug|Any CPU
		{96E866F8-B057-4A32-A3E3-EAB7319401FD}.Debug|Any CPU.Build.0 = Debug|Any CPU
		{96E866F8-B057-4A32-A3E3-EAB7319401FD}.Release|Any CPU.ActiveCfg = Release|Any CPU
		{96E866F8-B057-4A32-A3E3-EAB7319401FD}.Release|Any CPU.Build.0 = Release|Any CPU
		{039BE482-817E-4AEF-8640-A0554C6CC2AF}.Debug|Any CPU.ActiveCfg = Debug|Any CPU
		{039BE482-817E-4AEF-8640-A0554C6CC2AF}.Debug|Any CPU.Build.0 = Debug|Any CPU
		{039BE482-817E-4AEF-8640-A0554C6CC2AF}.Release|Any CPU.ActiveCfg = Release|Any CPU
		{039BE482-817E-4AEF-8640-A0554C6CC2AF}.Release|Any CPU.Build.0 = Release|Any CPU
	EndGlobalSection
	GlobalSection(SolutionProperties) = preSolution
		HideSolutionNode = FALSE
	EndGlobalSection
	GlobalSection(ExtensibilityGlobals) = postSolution
		SolutionGuid = {B408ABF0-9F1B-4FF5-8857-6210EE692A9B}
	EndGlobalSection
EndGlobal
