
Microsoft Visual Studio Solution File, Format Version 12.00
# Visual Studio Version 16
VisualStudioVersion = 16.0.30804.86
MinimumVisualStudioVersion = 10.0.40219.1
Project("{FAE04EC0-301F-11D3-BF4B-00C04F79EFBC}") = "WilsonInformer", "WilsonInformer.csproj", "{06688BEC-DB1E-4969-962B-9B74066BA0BB}"
EndProject
Global
	GlobalSection(SolutionConfigurationPlatforms) = preSolution
		Debug|Any CPU = Debug|Any CPU
		Release|Any CPU = Release|Any CPU
	EndGlobalSection
	GlobalSection(ProjectConfigurationPlatforms) = postSolution
		{06688BEC-DB1E-4969-962B-9B74066BA0BB}.Debug|Any CPU.ActiveCfg = Debug|Any CPU
		{06688BEC-DB1E-4969-962B-9B74066BA0BB}.Debug|Any CPU.Build.0 = Debug|Any CPU
		{06688BEC-DB1E-4969-962B-9B74066BA0BB}.Release|Any CPU.ActiveCfg = Release|Any CPU
		{06688BEC-DB1E-4969-962B-9B74066BA0BB}.Release|Any CPU.Build.0 = Release|Any CPU
	EndGlobalSection
	GlobalSection(SolutionProperties) = preSolution
		HideSolutionNode = FALSE
	EndGlobalSection
	GlobalSection(ExtensibilityGlobals) = postSolution
		SolutionGuid = {779839A8-049D-4014-81BC-45A970F3BDD6}
	EndGlobalSection
EndGlobal
