
Microsoft Visual Studio Solution File, Format Version 12.00
# Visual Studio Version 16
VisualStudioVersion = 16.0.31019.35
MinimumVisualStudioVersion = 10.0.40219.1
Project("{CC5FD16D-436D-48AD-A40C-5A424C6E3E79}") = "AzureCloudRandomNumbers", "AzureCloudRandomNumbers.ccproj", "{B183F4B0-DA8F-4982-861D-1ACCDC70BC47}"
EndProject
Project("{FAE04EC0-301F-11D3-BF4B-00C04F79EFBC}") = "WCFServiceWebRole1", "WCFServiceWebRole1\WCFServiceWebRole1.csproj", "{1DB7136F-C12E-4B2D-86FC-4F96C057432E}"
EndProject
Global
	GlobalSection(SolutionConfigurationPlatforms) = preSolution
		Debug|Any CPU = Debug|Any CPU
		Release|Any CPU = Release|Any CPU
	EndGlobalSection
	GlobalSection(ProjectConfigurationPlatforms) = postSolution
		{B183F4B0-DA8F-4982-861D-1ACCDC70BC47}.Debug|Any CPU.ActiveCfg = Debug|Any CPU
		{B183F4B0-DA8F-4982-861D-1ACCDC70BC47}.Debug|Any CPU.Build.0 = Debug|Any CPU
		{B183F4B0-DA8F-4982-861D-1ACCDC70BC47}.Release|Any CPU.ActiveCfg = Release|Any CPU
		{B183F4B0-DA8F-4982-861D-1ACCDC70BC47}.Release|Any CPU.Build.0 = Release|Any CPU
		{1DB7136F-C12E-4B2D-86FC-4F96C057432E}.Debug|Any CPU.ActiveCfg = Debug|Any CPU
		{1DB7136F-C12E-4B2D-86FC-4F96C057432E}.Debug|Any CPU.Build.0 = Debug|Any CPU
		{1DB7136F-C12E-4B2D-86FC-4F96C057432E}.Release|Any CPU.ActiveCfg = Release|Any CPU
		{1DB7136F-C12E-4B2D-86FC-4F96C057432E}.Release|Any CPU.Build.0 = Release|Any CPU
	EndGlobalSection
	GlobalSection(SolutionProperties) = preSolution
		HideSolutionNode = FALSE
	EndGlobalSection
	GlobalSection(ExtensibilityGlobals) = postSolution
		SolutionGuid = {0A292B92-9039-40C4-875D-8C17B86AEE48}
	EndGlobalSection
EndGlobal
