
Microsoft Visual Studio Solution File, Format Version 12.00
# Visual Studio Version 16
VisualStudioVersion = 16.0.31205.134
MinimumVisualStudioVersion = 10.0.40219.1
Project("{FAE04EC0-301F-11D3-BF4B-00C04F79EFBC}") = "ServiceDepartamentosRDSMySql", "ServiceDepartamentosRDSMySql\ServiceDepartamentosRDSMySql.csproj", "{1FD78597-22C5-4100-86CB-079A22335F94}"
EndProject
Global
	GlobalSection(SolutionConfigurationPlatforms) = preSolution
		Debug|Any CPU = Debug|Any CPU
		Release|Any CPU = Release|Any CPU
	EndGlobalSection
	GlobalSection(ProjectConfigurationPlatforms) = postSolution
		{1FD78597-22C5-4100-86CB-079A22335F94}.Debug|Any CPU.ActiveCfg = Debug|Any CPU
		{1FD78597-22C5-4100-86CB-079A22335F94}.Debug|Any CPU.Build.0 = Debug|Any CPU
		{1FD78597-22C5-4100-86CB-079A22335F94}.Release|Any CPU.ActiveCfg = Release|Any CPU
		{1FD78597-22C5-4100-86CB-079A22335F94}.Release|Any CPU.Build.0 = Release|Any CPU
	EndGlobalSection
	GlobalSection(SolutionProperties) = preSolution
		HideSolutionNode = FALSE
	EndGlobalSection
	GlobalSection(ExtensibilityGlobals) = postSolution
		SolutionGuid = {8D1D1C45-EC69-480D-A7DC-057F0B06D099}
	EndGlobalSection
EndGlobal
