
Microsoft Visual Studio Solution File, Format Version 12.00
# Visual Studio Version 16
VisualStudioVersion = 16.0.30717.126
MinimumVisualStudioVersion = 10.0.40219.1
Project("{FAE04EC0-301F-11D3-BF4B-00C04F79EFBC}") = "ProyectoMatematicas", "ProyectoMatematicas.csproj", "{F98ED3C7-DA3F-432C-B083-8708C8E5D191}"
EndProject
Global
	GlobalSection(SolutionConfigurationPlatforms) = preSolution
		Debug|Any CPU = Debug|Any CPU
		Release|Any CPU = Release|Any CPU
	EndGlobalSection
	GlobalSection(ProjectConfigurationPlatforms) = postSolution
		{F98ED3C7-DA3F-432C-B083-8708C8E5D191}.Debug|Any CPU.ActiveCfg = Debug|Any CPU
		{F98ED3C7-DA3F-432C-B083-8708C8E5D191}.Debug|Any CPU.Build.0 = Debug|Any CPU
		{F98ED3C7-DA3F-432C-B083-8708C8E5D191}.Release|Any CPU.ActiveCfg = Release|Any CPU
		{F98ED3C7-DA3F-432C-B083-8708C8E5D191}.Release|Any CPU.Build.0 = Release|Any CPU
	EndGlobalSection
	GlobalSection(SolutionProperties) = preSolution
		HideSolutionNode = FALSE
	EndGlobalSection
	GlobalSection(ExtensibilityGlobals) = postSolution
		SolutionGuid = {433D546E-5046-4749-BE95-78B145320D7F}
	EndGlobalSection
EndGlobal
