
Microsoft Visual Studio Solution File, Format Version 12.00
# Visual Studio Version 16
VisualStudioVersion = 16.0.30907.101
MinimumVisualStudioVersion = 10.0.40219.1
Project("{FAE04EC0-301F-11D3-BF4B-00C04F79EFBC}") = "WebApplication1", "WebApplication1.csproj", "{E8508CA2-57B9-4720-9A61-08D515C6989F}"
EndProject
Global
	GlobalSection(SolutionConfigurationPlatforms) = preSolution
		Debug|Any CPU = Debug|Any CPU
		Release|Any CPU = Release|Any CPU
	EndGlobalSection
	GlobalSection(ProjectConfigurationPlatforms) = postSolution
		{E8508CA2-57B9-4720-9A61-08D515C6989F}.Debug|Any CPU.ActiveCfg = Debug|Any CPU
		{E8508CA2-57B9-4720-9A61-08D515C6989F}.Debug|Any CPU.Build.0 = Debug|Any CPU
		{E8508CA2-57B9-4720-9A61-08D515C6989F}.Release|Any CPU.ActiveCfg = Release|Any CPU
		{E8508CA2-57B9-4720-9A61-08D515C6989F}.Release|Any CPU.Build.0 = Release|Any CPU
	EndGlobalSection
	GlobalSection(SolutionProperties) = preSolution
		HideSolutionNode = FALSE
	EndGlobalSection
	GlobalSection(ExtensibilityGlobals) = postSolution
		SolutionGuid = {C2347CC7-7F5A-4FA9-AF4A-BADE0C9607DF}
	EndGlobalSection
EndGlobal
