
Microsoft Visual Studio Solution File, Format Version 12.00
# Visual Studio Version 16
VisualStudioVersion = 16.0.31019.35
MinimumVisualStudioVersion = 10.0.40219.1
Project("{FAE04EC0-301F-11D3-BF4B-00C04F79EFBC}") = "NorthWindNuGetRC", "NorthWindNuGetRC.csproj", "{63C3E70F-F42A-43A9-AF16-9904A8542FB9}"
EndProject
Global
	GlobalSection(SolutionConfigurationPlatforms) = preSolution
		Debug|Any CPU = Debug|Any CPU
		Release|Any CPU = Release|Any CPU
	EndGlobalSection
	GlobalSection(ProjectConfigurationPlatforms) = postSolution
		{63C3E70F-F42A-43A9-AF16-9904A8542FB9}.Debug|Any CPU.ActiveCfg = Debug|Any CPU
		{63C3E70F-F42A-43A9-AF16-9904A8542FB9}.Debug|Any CPU.Build.0 = Debug|Any CPU
		{63C3E70F-F42A-43A9-AF16-9904A8542FB9}.Release|Any CPU.ActiveCfg = Release|Any CPU
		{63C3E70F-F42A-43A9-AF16-9904A8542FB9}.Release|Any CPU.Build.0 = Release|Any CPU
	EndGlobalSection
	GlobalSection(SolutionProperties) = preSolution
		HideSolutionNode = FALSE
	EndGlobalSection
	GlobalSection(ExtensibilityGlobals) = postSolution
		SolutionGuid = {DB5C2455-7EE6-465D-B4EF-41E8B1D4D26D}
	EndGlobalSection
EndGlobal
