
Microsoft Visual Studio Solution File, Format Version 12.00
# Visual Studio Version 16
VisualStudioVersion = 16.0.31019.35
MinimumVisualStudioVersion = 10.0.40219.1
Project("{FAE04EC0-301F-11D3-BF4B-00C04F79EFBC}") = "ControlCOchesCosmosSql", "ControlCOchesCosmosSql\ControlCOchesCosmosSql.csproj", "{0CCF4F27-6BBA-4F99-BFCB-587D7E27AA78}"
EndProject
Global
	GlobalSection(SolutionConfigurationPlatforms) = preSolution
		Debug|Any CPU = Debug|Any CPU
		Release|Any CPU = Release|Any CPU
	EndGlobalSection
	GlobalSection(ProjectConfigurationPlatforms) = postSolution
		{0CCF4F27-6BBA-4F99-BFCB-587D7E27AA78}.Debug|Any CPU.ActiveCfg = Debug|Any CPU
		{0CCF4F27-6BBA-4F99-BFCB-587D7E27AA78}.Debug|Any CPU.Build.0 = Debug|Any CPU
		{0CCF4F27-6BBA-4F99-BFCB-587D7E27AA78}.Release|Any CPU.ActiveCfg = Release|Any CPU
		{0CCF4F27-6BBA-4F99-BFCB-587D7E27AA78}.Release|Any CPU.Build.0 = Release|Any CPU
	EndGlobalSection
	GlobalSection(SolutionProperties) = preSolution
		HideSolutionNode = FALSE
	EndGlobalSection
	GlobalSection(ExtensibilityGlobals) = postSolution
		SolutionGuid = {A514EC26-F47A-40C9-9873-9A52FF837DED}
	EndGlobalSection
EndGlobal
