
Microsoft Visual Studio Solution File, Format Version 12.00
# Visual Studio Version 16
VisualStudioVersion = 16.0.31229.75
MinimumVisualStudioVersion = 10.0.40219.1
Project("{FAE04EC0-301F-11D3-BF4B-00C04F79EFBC}") = "App1.Android", "App1.Android\App1.Android.csproj", "{06A19E0D-0918-409A-87AB-33593EE88A05}"
EndProject
Project("{FAE04EC0-301F-11D3-BF4B-00C04F79EFBC}") = "App1.iOS", "App1.iOS\App1.iOS.csproj", "{F4BD2D39-7EFF-4126-9AEF-40E9F4C73510}"
EndProject
Project("{FAE04EC0-301F-11D3-BF4B-00C04F79EFBC}") = "App1", "App1\App1.csproj", "{92CDC9BD-D62C-45F4-9FE0-56A7E3B0200A}"
EndProject
Global
	GlobalSection(SolutionConfigurationPlatforms) = preSolution
		Debug|Any CPU = Debug|Any CPU
		Debug|iPhone = Debug|iPhone
		Debug|iPhoneSimulator = Debug|iPhoneSimulator
		Release|Any CPU = Release|Any CPU
		Release|iPhone = Release|iPhone
		Release|iPhoneSimulator = Release|iPhoneSimulator
	EndGlobalSection
	GlobalSection(ProjectConfigurationPlatforms) = postSolution
		{06A19E0D-0918-409A-87AB-33593EE88A05}.Debug|Any CPU.ActiveCfg = Debug|Any CPU
		{06A19E0D-0918-409A-87AB-33593EE88A05}.Debug|Any CPU.Build.0 = Debug|Any CPU
		{06A19E0D-0918-409A-87AB-33593EE88A05}.Debug|Any CPU.Deploy.0 = Debug|Any CPU
		{06A19E0D-0918-409A-87AB-33593EE88A05}.Debug|iPhone.ActiveCfg = Debug|Any CPU
		{06A19E0D-0918-409A-87AB-33593EE88A05}.Debug|iPhone.Build.0 = Debug|Any CPU
		{06A19E0D-0918-409A-87AB-33593EE88A05}.Debug|iPhone.Deploy.0 = Debug|Any CPU
		{06A19E0D-0918-409A-87AB-33593EE88A05}.Debug|iPhoneSimulator.ActiveCfg = Debug|Any CPU
		{06A19E0D-0918-409A-87AB-33593EE88A05}.Debug|iPhoneSimulator.Build.0 = Debug|Any CPU
		{06A19E0D-0918-409A-87AB-33593EE88A05}.Debug|iPhoneSimulator.Deploy.0 = Debug|Any CPU
		{06A19E0D-0918-409A-87AB-33593EE88A05}.Release|Any CPU.ActiveCfg = Release|Any CPU
		{06A19E0D-0918-409A-87AB-33593EE88A05}.Release|Any CPU.Build.0 = Release|Any CPU
		{06A19E0D-0918-409A-87AB-33593EE88A05}.Release|Any CPU.Deploy.0 = Release|Any CPU
		{06A19E0D-0918-409A-87AB-33593EE88A05}.Release|iPhone.ActiveCfg = Release|Any CPU
		{06A19E0D-0918-409A-87AB-33593EE88A05}.Release|iPhone.Build.0 = Release|Any CPU
		{06A19E0D-0918-409A-87AB-33593EE88A05}.Release|iPhone.Deploy.0 = Release|Any CPU
		{06A19E0D-0918-409A-87AB-33593EE88A05}.Release|iPhoneSimulator.ActiveCfg = Release|Any CPU
		{06A19E0D-0918-409A-87AB-33593EE88A05}.Release|iPhoneSimulator.Build.0 = Release|Any CPU
		{06A19E0D-0918-409A-87AB-33593EE88A05}.Release|iPhoneSimulator.Deploy.0 = Release|Any CPU
		{F4BD2D39-7EFF-4126-9AEF-40E9F4C73510}.Debug|Any CPU.ActiveCfg = Debug|iPhone
		{F4BD2D39-7EFF-4126-9AEF-40E9F4C73510}.Debug|Any CPU.Build.0 = Debug|iPhone
		{F4BD2D39-7EFF-4126-9AEF-40E9F4C73510}.Debug|Any CPU.Deploy.0 = Debug|iPhone
		{F4BD2D39-7EFF-4126-9AEF-40E9F4C73510}.Debug|iPhone.ActiveCfg = Debug|iPhone
		{F4BD2D39-7EFF-4126-9AEF-40E9F4C73510}.Debug|iPhone.Build.0 = Debug|iPhone
		{F4BD2D39-7EFF-4126-9AEF-40E9F4C73510}.Debug|iPhone.Deploy.0 = Debug|iPhone
		{F4BD2D39-7EFF-4126-9AEF-40E9F4C73510}.Debug|iPhoneSimulator.ActiveCfg = Debug|iPhoneSimulator
		{F4BD2D39-7EFF-4126-9AEF-40E9F4C73510}.Debug|iPhoneSimulator.Build.0 = Debug|iPhoneSimulator
		{F4BD2D39-7EFF-4126-9AEF-40E9F4C73510}.Debug|iPhoneSimulator.Deploy.0 = Debug|iPhoneSimulator
		{F4BD2D39-7EFF-4126-9AEF-40E9F4C73510}.Release|Any CPU.ActiveCfg = Release|iPhoneSimulator
		{F4BD2D39-7EFF-4126-9AEF-40E9F4C73510}.Release|Any CPU.Build.0 = Release|iPhoneSimulator
		{F4BD2D39-7EFF-4126-9AEF-40E9F4C73510}.Release|Any CPU.Deploy.0 = Release|iPhoneSimulator
		{F4BD2D39-7EFF-4126-9AEF-40E9F4C73510}.Release|iPhone.ActiveCfg = Release|iPhone
		{F4BD2D39-7EFF-4126-9AEF-40E9F4C73510}.Release|iPhone.Build.0 = Release|iPhone
		{F4BD2D39-7EFF-4126-9AEF-40E9F4C73510}.Release|iPhone.Deploy.0 = Release|iPhone
		{F4BD2D39-7EFF-4126-9AEF-40E9F4C73510}.Release|iPhoneSimulator.ActiveCfg = Release|iPhoneSimulator
		{F4BD2D39-7EFF-4126-9AEF-40E9F4C73510}.Release|iPhoneSimulator.Build.0 = Release|iPhoneSimulator
		{F4BD2D39-7EFF-4126-9AEF-40E9F4C73510}.Release|iPhoneSimulator.Deploy.0 = Release|iPhoneSimulator
		{92CDC9BD-D62C-45F4-9FE0-56A7E3B0200A}.Debug|Any CPU.ActiveCfg = Debug|Any CPU
		{92CDC9BD-D62C-45F4-9FE0-56A7E3B0200A}.Debug|Any CPU.Build.0 = Debug|Any CPU
		{92CDC9BD-D62C-45F4-9FE0-56A7E3B0200A}.Debug|Any CPU.Deploy.0 = Debug|Any CPU
		{92CDC9BD-D62C-45F4-9FE0-56A7E3B0200A}.Debug|iPhone.ActiveCfg = Debug|Any CPU
		{92CDC9BD-D62C-45F4-9FE0-56A7E3B0200A}.Debug|iPhone.Build.0 = Debug|Any CPU
		{92CDC9BD-D62C-45F4-9FE0-56A7E3B0200A}.Debug|iPhone.Deploy.0 = Debug|Any CPU
		{92CDC9BD-D62C-45F4-9FE0-56A7E3B0200A}.Debug|iPhoneSimulator.ActiveCfg = Debug|Any CPU
		{92CDC9BD-D62C-45F4-9FE0-56A7E3B0200A}.Debug|iPhoneSimulator.Build.0 = Debug|Any CPU
		{92CDC9BD-D62C-45F4-9FE0-56A7E3B0200A}.Debug|iPhoneSimulator.Deploy.0 = Debug|Any CPU
		{92CDC9BD-D62C-45F4-9FE0-56A7E3B0200A}.Release|Any CPU.ActiveCfg = Release|Any CPU
		{92CDC9BD-D62C-45F4-9FE0-56A7E3B0200A}.Release|Any CPU.Build.0 = Release|Any CPU
		{92CDC9BD-D62C-45F4-9FE0-56A7E3B0200A}.Release|Any CPU.Deploy.0 = Release|Any CPU
		{92CDC9BD-D62C-45F4-9FE0-56A7E3B0200A}.Release|iPhone.ActiveCfg = Release|Any CPU
		{92CDC9BD-D62C-45F4-9FE0-56A7E3B0200A}.Release|iPhone.Build.0 = Release|Any CPU
		{92CDC9BD-D62C-45F4-9FE0-56A7E3B0200A}.Release|iPhone.Deploy.0 = Release|Any CPU
		{92CDC9BD-D62C-45F4-9FE0-56A7E3B0200A}.Release|iPhoneSimulator.ActiveCfg = Release|Any CPU
		{92CDC9BD-D62C-45F4-9FE0-56A7E3B0200A}.Release|iPhoneSimulator.Build.0 = Release|Any CPU
		{92CDC9BD-D62C-45F4-9FE0-56A7E3B0200A}.Release|iPhoneSimulator.Deploy.0 = Release|Any CPU
	EndGlobalSection
	GlobalSection(SolutionProperties) = preSolution
		HideSolutionNode = FALSE
	EndGlobalSection
	GlobalSection(ExtensibilityGlobals) = postSolution
		SolutionGuid = {B6F56355-1425-469E-BA1B-8AE8491F1A91}
	EndGlobalSection
EndGlobal
