
Microsoft Visual Studio Solution File, Format Version 12.00
# Visual Studio Version 16
VisualStudioVersion = 16.0.29411.108
MinimumVisualStudioVersion = 10.0.40219.1
Project("{FAE04EC0-301F-11D3-BF4B-00C04F79EFBC}") = "EX_PRACTICO_Raul_Castro", "EX_PRACTICO_Raul_Castro.csproj", "{D8914ABC-0ABE-4E42-8A31-1E5E7424207D}"
EndProject
Global
	GlobalSection(SolutionConfigurationPlatforms) = preSolution
		Debug|Any CPU = Debug|Any CPU
		Release|Any CPU = Release|Any CPU
	EndGlobalSection
	GlobalSection(ProjectConfigurationPlatforms) = postSolution
		{D8914ABC-0ABE-4E42-8A31-1E5E7424207D}.Debug|Any CPU.ActiveCfg = Debug|Any CPU
		{D8914ABC-0ABE-4E42-8A31-1E5E7424207D}.Debug|Any CPU.Build.0 = Debug|Any CPU
		{D8914ABC-0ABE-4E42-8A31-1E5E7424207D}.Release|Any CPU.ActiveCfg = Release|Any CPU
		{D8914ABC-0ABE-4E42-8A31-1E5E7424207D}.Release|Any CPU.Build.0 = Release|Any CPU
	EndGlobalSection
	GlobalSection(SolutionProperties) = preSolution
		HideSolutionNode = FALSE
	EndGlobalSection
	GlobalSection(ExtensibilityGlobals) = postSolution
		SolutionGuid = {10811CC8-8A4E-4A5A-B8EA-CEC502166632}
	EndGlobalSection
EndGlobal
