
Microsoft Visual Studio Solution File, Format Version 12.00
# Visual Studio Version 16
VisualStudioVersion = 16.0.30717.126
MinimumVisualStudioVersion = 10.0.40219.1
Project("{FAE04EC0-301F-11D3-BF4B-00C04F79EFBC}") = "ProyectoLimpioCore", "ProyectoLimpioCore.csproj", "{8BFBA5FD-3064-4776-98E0-49D8B4360108}"
EndProject
Global
	GlobalSection(SolutionConfigurationPlatforms) = preSolution
		Debug|Any CPU = Debug|Any CPU
		Release|Any CPU = Release|Any CPU
	EndGlobalSection
	GlobalSection(ProjectConfigurationPlatforms) = postSolution
		{8BFBA5FD-3064-4776-98E0-49D8B4360108}.Debug|Any CPU.ActiveCfg = Debug|Any CPU
		{8BFBA5FD-3064-4776-98E0-49D8B4360108}.Debug|Any CPU.Build.0 = Debug|Any CPU
		{8BFBA5FD-3064-4776-98E0-49D8B4360108}.Release|Any CPU.ActiveCfg = Release|Any CPU
		{8BFBA5FD-3064-4776-98E0-49D8B4360108}.Release|Any CPU.Build.0 = Release|Any CPU
	EndGlobalSection
	GlobalSection(SolutionProperties) = preSolution
		HideSolutionNode = FALSE
	EndGlobalSection
	GlobalSection(ExtensibilityGlobals) = postSolution
		SolutionGuid = {76AC7910-FB70-4CC7-B2E4-837522FCF1AF}
	EndGlobalSection
EndGlobal
