
Microsoft Visual Studio Solution File, Format Version 12.00
# Visual Studio Version 16
VisualStudioVersion = 16.0.30711.63
MinimumVisualStudioVersion = 10.0.40219.1
Project("{FAE04EC0-301F-11D3-BF4B-00C04F79EFBC}") = "Plantilla", "Plantilla.csproj", "{7CF9F941-7470-4E67-A714-C8EC4D0C35E3}"
EndProject
Global
	GlobalSection(SolutionConfigurationPlatforms) = preSolution
		Debug|Any CPU = Debug|Any CPU
		Release|Any CPU = Release|Any CPU
	EndGlobalSection
	GlobalSection(ProjectConfigurationPlatforms) = postSolution
		{7CF9F941-7470-4E67-A714-C8EC4D0C35E3}.Debug|Any CPU.ActiveCfg = Debug|Any CPU
		{7CF9F941-7470-4E67-A714-C8EC4D0C35E3}.Debug|Any CPU.Build.0 = Debug|Any CPU
		{7CF9F941-7470-4E67-A714-C8EC4D0C35E3}.Release|Any CPU.ActiveCfg = Release|Any CPU
		{7CF9F941-7470-4E67-A714-C8EC4D0C35E3}.Release|Any CPU.Build.0 = Release|Any CPU
	EndGlobalSection
	GlobalSection(SolutionProperties) = preSolution
		HideSolutionNode = FALSE
	EndGlobalSection
	GlobalSection(ExtensibilityGlobals) = postSolution
		SolutionGuid = {305D5B87-51CB-4519-89AB-2144563A6C1C}
	EndGlobalSection
EndGlobal
