
Microsoft Visual Studio Solution File, Format Version 12.00
# Visual Studio Version 16
VisualStudioVersion = 16.0.30907.101
MinimumVisualStudioVersion = 10.0.40219.1
Project("{9A19103F-16F7-4668-BE54-9A1E7A4F7556}") = "ApiCrudDepartamentos", "ApiCrudDepartamentos.csproj", "{27A9B783-DDDC-4F17-96E5-AC4CA19A9EB7}"
EndProject
Global
	GlobalSection(SolutionConfigurationPlatforms) = preSolution
		Debug|Any CPU = Debug|Any CPU
		Release|Any CPU = Release|Any CPU
	EndGlobalSection
	GlobalSection(ProjectConfigurationPlatforms) = postSolution
		{27A9B783-DDDC-4F17-96E5-AC4CA19A9EB7}.Debug|Any CPU.ActiveCfg = Debug|Any CPU
		{27A9B783-DDDC-4F17-96E5-AC4CA19A9EB7}.Debug|Any CPU.Build.0 = Debug|Any CPU
		{27A9B783-DDDC-4F17-96E5-AC4CA19A9EB7}.Release|Any CPU.ActiveCfg = Release|Any CPU
		{27A9B783-DDDC-4F17-96E5-AC4CA19A9EB7}.Release|Any CPU.Build.0 = Release|Any CPU
	EndGlobalSection
	GlobalSection(SolutionProperties) = preSolution
		HideSolutionNode = FALSE
	EndGlobalSection
	GlobalSection(ExtensibilityGlobals) = postSolution
		SolutionGuid = {43B0AB06-2EC3-4C4C-9B26-48CFD1E8FF75}
	EndGlobalSection
EndGlobal
